
Microsoft Visual Studio Solution File, Format Version 12.00
# Visual Studio Version 16
VisualStudioVersion = 16.0.28922.388
MinimumVisualStudioVersion = 10.0.40219.1
Project("{9A19103F-16F7-4668-BE54-9A1E7A4F7556}") = "contactapi", "contactapi.csproj", "{8264144F-4786-4185-BCC7-6C62927AA930}"
EndProject
Global
	GlobalSection(SolutionConfigurationPlatforms) = preSolution
		Debug|Any CPU = Debug|Any CPU
		Release|Any CPU = Release|Any CPU
	EndGlobalSection
	GlobalSection(ProjectConfigurationPlatforms) = postSolution
		{8264144F-4786-4185-BCC7-6C62927AA930}.Debug|Any CPU.ActiveCfg = Debug|Any CPU
		{8264144F-4786-4185-BCC7-6C62927AA930}.Debug|Any CPU.Build.0 = Debug|Any CPU
		{8264144F-4786-4185-BCC7-6C62927AA930}.Release|Any CPU.ActiveCfg = Release|Any CPU
		{8264144F-4786-4185-BCC7-6C62927AA930}.Release|Any CPU.Build.0 = Release|Any CPU
	EndGlobalSection
	GlobalSection(SolutionProperties) = preSolution
		HideSolutionNode = FALSE
	EndGlobalSection
	GlobalSection(ExtensibilityGlobals) = postSolution
		SolutionGuid = {3E60937F-F751-4AA5-86B0-35F757CBD817}
	EndGlobalSection
EndGlobal
